<?xml version="1.0" encoding="utf-8"?>
<Project ToolsVersion="15.0" xmlns="http://schemas.microsoft.com/developer/msbuild/2003">
  <ItemGroup>
    <ClCompile Include="src\ext\zlib\zutil.c">
      <Filter>zlib</Filter>
    </ClCompile>
    <ClCompile Include="src\ext\zlib\trees.c">
      <Filter>zlib</Filter>
    </ClCompile>
    <ClCompile Include="src\ext\zlib\gzio.c">
      <Filter>zlib</Filter>
    </ClCompile>
    <ClCompile Include="src\ext\zlib\inffast.c">
      <Filter>zlib</Filter>
    </ClCompile>
    <ClCompile Include="src\ext\zlib\inflate.c">
      <Filter>zlib</Filter>
    </ClCompile>
    <ClCompile Include="src\ext\zlib\inftrees.c">
      <Filter>zlib</Filter>
    </ClCompile>
    <ClCompile Include="src\ext\zlib\crc32.c">
      <Filter>zlib</Filter>
    </ClCompile>
    <ClCompile Include="src\ext\zlib\deflate.c">
      <Filter>zlib</Filter>
    </ClCompile>
    <ClCompile Include="src\ext\zlib\adler32.c">
      <Filter>zlib</Filter>
    </ClCompile>
    <ClCompile Include="src\ext\zlib\compress.c">
      <Filter>zlib</Filter>
    </ClCompile>
    <ClCompile Include="src\shared\CLucene\SharedHeader.cpp">
      <Filter>Source Files</Filter>
    </ClCompile>
    <ClCompile Include="src\shared\CLucene\util\StringBuffer.cpp">
      <Filter>Source Files</Filter>
    </ClCompile>
    <ClCompile Include="src\shared\CLucene\config\threads.cpp">
      <Filter>Source Files</Filter>
    </ClCompile>
    <ClCompile Include="src\shared\CLucene\config\utf8.cpp">
      <Filter>Source Files</Filter>
    </ClCompile>
    <ClCompile Include="src\shared\CLucene\config\repl_tcscasecmp.cpp">
      <Filter>Source Files</Filter>
    </ClCompile>
    <ClCompile Include="src\shared\CLucene\config\repl_tcslwr.cpp">
      <Filter>Source Files</Filter>
    </ClCompile>
    <ClCompile Include="src\shared\CLucene\config\repl_tcstod.cpp">
      <Filter>Source Files</Filter>
    </ClCompile>
    <ClCompile Include="src\shared\CLucene\config\repl_tcstoll.cpp">
      <Filter>Source Files</Filter>
    </ClCompile>
    <ClCompile Include="src\shared\CLucene\config\repl_tprintf.cpp">
      <Filter>Source Files</Filter>
    </ClCompile>
    <ClCompile Include="src\shared\CLucene\config\repl_lltot.cpp">
      <Filter>Source Files</Filter>
    </ClCompile>
    <ClCompile Include="src\shared\CLucene\util\Misc.cpp">
      <Filter>Source Files</Filter>
    </ClCompile>
    <ClCompile Include="src\shared\CLucene\debug\condition.cpp">
      <Filter>Source Files</Filter>
    </ClCompile>
    <ClCompile Include="src\shared\CLucene\config\gunichartables.cpp">
      <Filter>Source Files</Filter>
    </ClCompile>
    <ClCompile Include="src\shared\CLucene\util\dirent.cpp">
      <Filter>util</Filter>
    </ClCompile>
  </ItemGroup>
  <ItemGroup>
    <ClInclude Include="src\shared\CLucene\config\_gunichartables.h">
      <Filter>Header Files</Filter>
    </ClInclude>
    <ClInclude Include="src\shared\CLucene\_SharedHeader.h">
      <Filter>Header Files</Filter>
    </ClInclude>
    <ClInclude Include="src\shared\CLucene\config\_threads.h">
      <Filter>Header Files</Filter>
    </ClInclude>
    <ClInclude Include="src\shared\CLucene\LuceneThreads.h">
      <Filter>Header Files</Filter>
    </ClInclude>
    <ClInclude Include="src\shared\CLucene\util\Misc.h">
      <Filter>Header Files</Filter>
    </ClInclude>
    <ClInclude Include="src\shared\CLucene\config\repl_tchar.h">
      <Filter>Header Files</Filter>
    </ClInclude>
    <ClInclude Include="src\shared\CLucene\config\repl_wchar.h">
      <Filter>Header Files</Filter>
    </ClInclude>
    <ClInclude Include="src\shared\CLucene\config\repl_wctype.h">
      <Filter>Header Files</Filter>
    </ClInclude>
    <ClInclude Include="src\shared\CLucene\SharedHeader.h">
      <Filter>Header Files</Filter>
    </ClInclude>
    <ClInclude Include="src\shared\CLucene\util\StringBuffer.h">
      <Filter>Header Files</Filter>
    </ClInclude>
    <ClInclude Include="src\shared\CLucene\debug\_condition.h">
      <Filter>debug</Filter>
    </ClInclude>
    <ClInclude Include="src\shared\CLucene\util\dirent.h">
      <Filter>util</Filter>
    </ClInclude>
  </ItemGroup>
  <ItemGroup>
    <Filter Include="Header Files">
      <UniqueIdentifier>{7CCB96B7-5C88-37EF-8C3B-5FD1C82961C6}</UniqueIdentifier>
    </Filter>
    <Filter Include="Source Files">
      <UniqueIdentifier>{5DC9AAC5-D413-3029-B378-8A38F2D0DCB1}</UniqueIdentifier>
    </Filter>
    <Filter Include="config">
      <UniqueIdentifier>{D12949F1-B5B3-3F0A-82AF-EA1118E02C7C}</UniqueIdentifier>
    </Filter>
    <Filter Include="debug">
      <UniqueIdentifier>{6CF2BD0A-C6A5-304F-8DE7-8B3520944E77}</UniqueIdentifier>
    </Filter>
    <Filter Include="util">
      <UniqueIdentifier>{17E05739-792C-3BF5-8596-AA78AD0DBD1E}</UniqueIdentifier>
    </Filter>
    <Filter Include="zlib">
      <UniqueIdentifier>{15FBAC24-FD68-3E93-B017-4971BBD87C73}</UniqueIdentifier>
    </Filter>
  </ItemGroup>
</Project>